
Microsoft Visual Studio Solution File, Format Version 12.00
# Visual Studio Version 16
VisualStudioVersion = 16.0.31205.134
MinimumVisualStudioVersion = 10.0.40219.1
Project("{FAE04EC0-301F-11D3-BF4B-00C04F79EFBC}") = "Linq", "Linq\Linq.csproj", "{C0C26A52-8C32-4477-BA92-2638682DB8AC}"
EndProject
Global
	GlobalSection(SolutionConfigurationPlatforms) = preSolution
		Debug|Any CPU = Debug|Any CPU
		Release|Any CPU = Release|Any CPU
	EndGlobalSection
	GlobalSection(ProjectConfigurationPlatforms) = postSolution
		{C0C26A52-8C32-4477-BA92-2638682DB8AC}.Debug|Any CPU.ActiveCfg = Debug|Any CPU
		{C0C26A52-8C32-4477-BA92-2638682DB8AC}.Debug|Any CPU.Build.0 = Debug|Any CPU
		{C0C26A52-8C32-4477-BA92-2638682DB8AC}.Release|Any CPU.ActiveCfg = Release|Any CPU
		{C0C26A52-8C32-4477-BA92-2638682DB8AC}.Release|Any CPU.Build.0 = Release|Any CPU
	EndGlobalSection
	GlobalSection(SolutionProperties) = preSolution
		HideSolutionNode = FALSE
	EndGlobalSection
	GlobalSection(ExtensibilityGlobals) = postSolution
		SolutionGuid = {854BAFB6-136D-4729-9100-1FFD0346239A}
	EndGlobalSection
EndGlobal
